// !$*UTF8*$!
{
	archiveVersion = 1;
	classes = {
	};
	objectVersion = 50;
	objects = {

/* Begin PBXBuildFile section */
		013C4FAB20806E200092174F /* AppDelegate.swift in Sources */ = {isa = PBXBuildFile; fileRef = 013C4FAA20806E200092174F /* AppDelegate.swift */; };
		013C4FAD20806E200092174F /* ViewController.swift in Sources */ = {isa = PBXBuildFile; fileRef = 013C4FAC20806E200092174F /* ViewController.swift */; };
		013C4FB020806E200092174F /* Main.storyboard in Resources */ = {isa = PBXBuildFile; fileRef = 013C4FAE20806E200092174F /* Main.storyboard */; };
		013C4FB220806E220092174F /* Assets.xcassets in Resources */ = {isa = PBXBuildFile; fileRef = 013C4FB120806E220092174F /* Assets.xcassets */; };
		013C4FB520806E220092174F /* LaunchScreen.storyboard in Resources */ = {isa = PBXBuildFile; fileRef = 013C4FB320806E220092174F /* LaunchScreen.storyboard */; };
		013C4FC020806E220092174F /* GoogleMapsDemoTests.swift in Sources */ = {isa = PBXBuildFile; fileRef = 013C4FBF20806E220092174F /* GoogleMapsDemoTests.swift */; };
		013C4FCB20806E220092174F /* GoogleMapsDemoUITests.swift in Sources */ = {isa = PBXBuildFile; fileRef = 013C4FCA20806E220092174F /* GoogleMapsDemoUITests.swift */; };
		2B587802246EAE5800F177CB /* police_stations.json in Resources */ = {isa = PBXBuildFile; fileRef = 2B5877BB246EAE5800F177CB /* police_stations.json */; };
		2B587803246EAE5800F177CB /* GMUClusterManager.m in Sources */ = {isa = PBXBuildFile; fileRef = 2B5877BD246EAE5800F177CB /* GMUClusterManager.m */; };
		2B587804246EAE5800F177CB /* GMUGridBasedClusterAlgorithm.m in Sources */ = {isa = PBXBuildFile; fileRef = 2B5877C1246EAE5800F177CB /* GMUGridBasedClusterAlgorithm.m */; };
		2B587805246EAE5800F177CB /* GMUWrappingDictionaryKey.m in Sources */ = {isa = PBXBuildFile; fileRef = 2B5877C4246EAE5800F177CB /* GMUWrappingDictionaryKey.m */; };
		2B587806246EAE5800F177CB /* GMUSimpleClusterAlgorithm.m in Sources */ = {isa = PBXBuildFile; fileRef = 2B5877C5246EAE5800F177CB /* GMUSimpleClusterAlgorithm.m */; };
		2B587807246EAE5800F177CB /* GMUNonHierarchicalDistanceBasedAlgorithm.m in Sources */ = {isa = PBXBuildFile; fileRef = 2B5877C7246EAE5800F177CB /* GMUNonHierarchicalDistanceBasedAlgorithm.m */; };
		2B587808246EAE5800F177CB /* GMUDefaultClusterRenderer.m in Sources */ = {isa = PBXBuildFile; fileRef = 2B5877D0246EAE5800F177CB /* GMUDefaultClusterRenderer.m */; };
		2B587809246EAE5800F177CB /* GMUDefaultClusterIconGenerator.m in Sources */ = {isa = PBXBuildFile; fileRef = 2B5877D2246EAE5800F177CB /* GMUDefaultClusterIconGenerator.m */; };
		2B58780A246EAE5800F177CB /* GMUStaticCluster.m in Sources */ = {isa = PBXBuildFile; fileRef = 2B5877D5246EAE5800F177CB /* GMUStaticCluster.m */; };
		2B58780B246EAE5800F177CB /* GMUWeightedLatLng.m in Sources */ = {isa = PBXBuildFile; fileRef = 2B5877DA246EAE5800F177CB /* GMUWeightedLatLng.m */; };
		2B58780C246EAE5800F177CB /* GMUGradient.m in Sources */ = {isa = PBXBuildFile; fileRef = 2B5877DD246EAE5800F177CB /* GMUGradient.m */; };
		2B58780D246EAE5800F177CB /* GMUHeatmapTileLayer.m in Sources */ = {isa = PBXBuildFile; fileRef = 2B5877DE246EAE5800F177CB /* GMUHeatmapTileLayer.m */; };
		2B58780E246EAE5800F177CB /* GMUKMLParser.m in Sources */ = {isa = PBXBuildFile; fileRef = 2B5877E0246EAE5800F177CB /* GMUKMLParser.m */; };
		2B58780F246EAE5800F177CB /* GMUGeometryRenderer.m in Sources */ = {isa = PBXBuildFile; fileRef = 2B5877E1246EAE5800F177CB /* GMUGeometryRenderer.m */; };
		2B587810246EAE5800F177CB /* GMUGeometryCollection.m in Sources */ = {isa = PBXBuildFile; fileRef = 2B5877E4246EAE5800F177CB /* GMUGeometryCollection.m */; };
		2B587811246EAE5800F177CB /* GMUPlacemark.m in Sources */ = {isa = PBXBuildFile; fileRef = 2B5877E7246EAE5800F177CB /* GMUPlacemark.m */; };
		2B587812246EAE5800F177CB /* GMUPolygon.m in Sources */ = {isa = PBXBuildFile; fileRef = 2B5877E8246EAE5800F177CB /* GMUPolygon.m */; };
		2B587813246EAE5800F177CB /* GMUFeature.m in Sources */ = {isa = PBXBuildFile; fileRef = 2B5877EA246EAE5800F177CB /* GMUFeature.m */; };
		2B587814246EAE5800F177CB /* GMUGroundOverlay.m in Sources */ = {isa = PBXBuildFile; fileRef = 2B5877EC246EAE5800F177CB /* GMUGroundOverlay.m */; };
		2B587815246EAE5800F177CB /* GMUStyle.m in Sources */ = {isa = PBXBuildFile; fileRef = 2B5877ED246EAE5800F177CB /* GMUStyle.m */; };
		2B587816246EAE5800F177CB /* GMUPoint.m in Sources */ = {isa = PBXBuildFile; fileRef = 2B5877EE246EAE5800F177CB /* GMUPoint.m */; };
		2B587817246EAE5800F177CB /* GMULineString.m in Sources */ = {isa = PBXBuildFile; fileRef = 2B5877F4246EAE5800F177CB /* GMULineString.m */; };
		2B587818246EAE5800F177CB /* GMUGeoJSONParser.m in Sources */ = {isa = PBXBuildFile; fileRef = 2B5877F8246EAE5800F177CB /* GMUGeoJSONParser.m */; };
		2B587819246EAE5800F177CB /* GQTPointQuadTree.m in Sources */ = {isa = PBXBuildFile; fileRef = 2B5877FB246EAE5800F177CB /* GQTPointQuadTree.m */; };
		2B58781A246EAE5800F177CB /* GQTPointQuadTreeChild.m in Sources */ = {isa = PBXBuildFile; fileRef = 2B5877FD246EAE5800F177CB /* GQTPointQuadTreeChild.m */; };
		2B60A0AC208481E5003F1189 /* tableCell.swift in Sources */ = {isa = PBXBuildFile; fileRef = 2B60A0AB208481E5003F1189 /* tableCell.swift */; };
		2BE989912085D71C00D7BF2B /* CircleButton.swift in Sources */ = {isa = PBXBuildFile; fileRef = 2BE989902085D71C00D7BF2B /* CircleButton.swift */; };
		350B3246287A719FC0A5381E /* libPods-GoogleMapsDemo.a in Frameworks */ = {isa = PBXBuildFile; fileRef = 686FF479AB391F1FFCD40C80 /* libPods-GoogleMapsDemo.a */; };
/* End PBXBuildFile section */

/* Begin PBXContainerItemProxy section */
		013C4FBC20806E220092174F /* PBXContainerItemProxy */ = {
			isa = PBXContainerItemProxy;
			containerPortal = 013C4F9F20806E200092174F /* Project object */;
			proxyType = 1;
			remoteGlobalIDString = 013C4FA620806E200092174F;
			remoteInfo = GoogleMapsDemo;
		};
		013C4FC720806E220092174F /* PBXContainerItemProxy */ = {
			isa = PBXContainerItemProxy;
			containerPortal = 013C4F9F20806E200092174F /* Project object */;
			proxyType = 1;
			remoteGlobalIDString = 013C4FA620806E200092174F;
			remoteInfo = GoogleMapsDemo;
		};
/* End PBXContainerItemProxy section */

/* Begin PBXFileReference section */
		013C4FA720806E200092174F /* GoogleMapsDemo.app */ = {isa = PBXFileReference; explicitFileType = wrapper.application; includeInIndex = 0; path = GoogleMapsDemo.app; sourceTree = BUILT_PRODUCTS_DIR; };
		013C4FAA20806E200092174F /* AppDelegate.swift */ = {isa = PBXFileReference; lastKnownFileType = sourcecode.swift; path = AppDelegate.swift; sourceTree = "<group>"; };
		013C4FAC20806E200092174F /* ViewController.swift */ = {isa = PBXFileReference; lastKnownFileType = sourcecode.swift; path = ViewController.swift; sourceTree = "<group>"; };
		013C4FAF20806E200092174F /* Base */ = {isa = PBXFileReference; lastKnownFileType = file.storyboard; name = Base; path = Base.lproj/Main.storyboard; sourceTree = "<group>"; };
		013C4FB120806E220092174F /* Assets.xcassets */ = {isa = PBXFileReference; lastKnownFileType = folder.assetcatalog; path = Assets.xcassets; sourceTree = "<group>"; };
		013C4FB420806E220092174F /* Base */ = {isa = PBXFileReference; lastKnownFileType = file.storyboard; name = Base; path = Base.lproj/LaunchScreen.storyboard; sourceTree = "<group>"; };
		013C4FB620806E220092174F /* Info.plist */ = {isa = PBXFileReference; lastKnownFileType = text.plist.xml; path = Info.plist; sourceTree = "<group>"; };
		013C4FBB20806E220092174F /* GoogleMapsDemoTests.xctest */ = {isa = PBXFileReference; explicitFileType = wrapper.cfbundle; includeInIndex = 0; path = GoogleMapsDemoTests.xctest; sourceTree = BUILT_PRODUCTS_DIR; };
		013C4FBF20806E220092174F /* GoogleMapsDemoTests.swift */ = {isa = PBXFileReference; lastKnownFileType = sourcecode.swift; path = GoogleMapsDemoTests.swift; sourceTree = "<group>"; };
		013C4FC120806E220092174F /* Info.plist */ = {isa = PBXFileReference; lastKnownFileType = text.plist.xml; path = Info.plist; sourceTree = "<group>"; };
		013C4FC620806E220092174F /* GoogleMapsDemoUITests.xctest */ = {isa = PBXFileReference; explicitFileType = wrapper.cfbundle; includeInIndex = 0; path = GoogleMapsDemoUITests.xctest; sourceTree = BUILT_PRODUCTS_DIR; };
		013C4FCA20806E220092174F /* GoogleMapsDemoUITests.swift */ = {isa = PBXFileReference; lastKnownFileType = sourcecode.swift; path = GoogleMapsDemoUITests.swift; sourceTree = "<group>"; };
		013C4FCC20806E220092174F /* Info.plist */ = {isa = PBXFileReference; lastKnownFileType = text.plist.xml; path = Info.plist; sourceTree = "<group>"; };
		2B5877BB246EAE5800F177CB /* police_stations.json */ = {isa = PBXFileReference; fileEncoding = 4; lastKnownFileType = text.json; path = police_stations.json; sourceTree = "<group>"; };
		2B5877BD246EAE5800F177CB /* GMUClusterManager.m */ = {isa = PBXFileReference; fileEncoding = 4; lastKnownFileType = sourcecode.c.objc; path = GMUClusterManager.m; sourceTree = "<group>"; };
		2B5877BE246EAE5800F177CB /* GMUStaticCluster.h */ = {isa = PBXFileReference; fileEncoding = 4; lastKnownFileType = sourcecode.c.h; path = GMUStaticCluster.h; sourceTree = "<group>"; };
		2B5877BF246EAE5800F177CB /* GMUMarkerClustering.h */ = {isa = PBXFileReference; fileEncoding = 4; lastKnownFileType = sourcecode.c.h; path = GMUMarkerClustering.h; sourceTree = "<group>"; };
		2B5877C1246EAE5800F177CB /* GMUGridBasedClusterAlgorithm.m */ = {isa = PBXFileReference; fileEncoding = 4; lastKnownFileType = sourcecode.c.objc; path = GMUGridBasedClusterAlgorithm.m; sourceTree = "<group>"; };
		2B5877C2246EAE5800F177CB /* GMUClusterAlgorithm.h */ = {isa = PBXFileReference; fileEncoding = 4; lastKnownFileType = sourcecode.c.h; path = GMUClusterAlgorithm.h; sourceTree = "<group>"; };
		2B5877C3246EAE5800F177CB /* GMUNonHierarchicalDistanceBasedAlgorithm.h */ = {isa = PBXFileReference; fileEncoding = 4; lastKnownFileType = sourcecode.c.h; path = GMUNonHierarchicalDistanceBasedAlgorithm.h; sourceTree = "<group>"; };
		2B5877C4246EAE5800F177CB /* GMUWrappingDictionaryKey.m */ = {isa = PBXFileReference; fileEncoding = 4; lastKnownFileType = sourcecode.c.objc; path = GMUWrappingDictionaryKey.m; sourceTree = "<group>"; };
		2B5877C5246EAE5800F177CB /* GMUSimpleClusterAlgorithm.m */ = {isa = PBXFileReference; fileEncoding = 4; lastKnownFileType = sourcecode.c.objc; path = GMUSimpleClusterAlgorithm.m; sourceTree = "<group>"; };
		2B5877C6246EAE5800F177CB /* GMUGridBasedClusterAlgorithm.h */ = {isa = PBXFileReference; fileEncoding = 4; lastKnownFileType = sourcecode.c.h; path = GMUGridBasedClusterAlgorithm.h; sourceTree = "<group>"; };
		2B5877C7246EAE5800F177CB /* GMUNonHierarchicalDistanceBasedAlgorithm.m */ = {isa = PBXFileReference; fileEncoding = 4; lastKnownFileType = sourcecode.c.objc; path = GMUNonHierarchicalDistanceBasedAlgorithm.m; sourceTree = "<group>"; };
		2B5877C8246EAE5800F177CB /* GMUSimpleClusterAlgorithm.h */ = {isa = PBXFileReference; fileEncoding = 4; lastKnownFileType = sourcecode.c.h; path = GMUSimpleClusterAlgorithm.h; sourceTree = "<group>"; };
		2B5877C9246EAE5800F177CB /* GMUWrappingDictionaryKey.h */ = {isa = PBXFileReference; fileEncoding = 4; lastKnownFileType = sourcecode.c.h; path = GMUWrappingDictionaryKey.h; sourceTree = "<group>"; };
		2B5877CA246EAE5800F177CB /* GMUClusterManager.h */ = {isa = PBXFileReference; fileEncoding = 4; lastKnownFileType = sourcecode.c.h; path = GMUClusterManager.h; sourceTree = "<group>"; };
		2B5877CB246EAE5800F177CB /* GMUClusterManager+Testing.h */ = {isa = PBXFileReference; fileEncoding = 4; lastKnownFileType = sourcecode.c.h; path = "GMUClusterManager+Testing.h"; sourceTree = "<group>"; };
		2B5877CD246EAE5800F177CB /* GMUClusterIconGenerator.h */ = {isa = PBXFileReference; fileEncoding = 4; lastKnownFileType = sourcecode.c.h; path = GMUClusterIconGenerator.h; sourceTree = "<group>"; };
		2B5877CE246EAE5800F177CB /* GMUClusterRenderer.h */ = {isa = PBXFileReference; fileEncoding = 4; lastKnownFileType = sourcecode.c.h; path = GMUClusterRenderer.h; sourceTree = "<group>"; };
		2B5877CF246EAE5800F177CB /* GMUDefaultClusterRenderer+Testing.h */ = {isa = PBXFileReference; fileEncoding = 4; lastKnownFileType = sourcecode.c.h; path = "GMUDefaultClusterRenderer+Testing.h"; sourceTree = "<group>"; };
		2B5877D0246EAE5800F177CB /* GMUDefaultClusterRenderer.m */ = {isa = PBXFileReference; fileEncoding = 4; lastKnownFileType = sourcecode.c.objc; path = GMUDefaultClusterRenderer.m; sourceTree = "<group>"; };
		2B5877D1246EAE5800F177CB /* GMUDefaultClusterIconGenerator.h */ = {isa = PBXFileReference; fileEncoding = 4; lastKnownFileType = sourcecode.c.h; path = GMUDefaultClusterIconGenerator.h; sourceTree = "<group>"; };
		2B5877D2246EAE5800F177CB /* GMUDefaultClusterIconGenerator.m */ = {isa = PBXFileReference; fileEncoding = 4; lastKnownFileType = sourcecode.c.objc; path = GMUDefaultClusterIconGenerator.m; sourceTree = "<group>"; };
		2B5877D3246EAE5800F177CB /* GMUDefaultClusterRenderer.h */ = {isa = PBXFileReference; fileEncoding = 4; lastKnownFileType = sourcecode.c.h; path = GMUDefaultClusterRenderer.h; sourceTree = "<group>"; };
		2B5877D4246EAE5800F177CB /* GMUDefaultClusterIconGenerator+Testing.h */ = {isa = PBXFileReference; fileEncoding = 4; lastKnownFileType = sourcecode.c.h; path = "GMUDefaultClusterIconGenerator+Testing.h"; sourceTree = "<group>"; };
		2B5877D5246EAE5800F177CB /* GMUStaticCluster.m */ = {isa = PBXFileReference; fileEncoding = 4; lastKnownFileType = sourcecode.c.objc; path = GMUStaticCluster.m; sourceTree = "<group>"; };
		2B5877D6246EAE5800F177CB /* GMUCluster.h */ = {isa = PBXFileReference; fileEncoding = 4; lastKnownFileType = sourcecode.c.h; path = GMUCluster.h; sourceTree = "<group>"; };
		2B5877D7246EAE5800F177CB /* GMUClusterItem.h */ = {isa = PBXFileReference; fileEncoding = 4; lastKnownFileType = sourcecode.c.h; path = GMUClusterItem.h; sourceTree = "<group>"; };
		2B5877D9246EAE5800F177CB /* GMUGradient.h */ = {isa = PBXFileReference; fileEncoding = 4; lastKnownFileType = sourcecode.c.h; path = GMUGradient.h; sourceTree = "<group>"; };
		2B5877DA246EAE5800F177CB /* GMUWeightedLatLng.m */ = {isa = PBXFileReference; fileEncoding = 4; lastKnownFileType = sourcecode.c.objc; path = GMUWeightedLatLng.m; sourceTree = "<group>"; };
		2B5877DB246EAE5800F177CB /* GMUHeatmapTileLayer.h */ = {isa = PBXFileReference; fileEncoding = 4; lastKnownFileType = sourcecode.c.h; path = GMUHeatmapTileLayer.h; sourceTree = "<group>"; };
		2B5877DC246EAE5800F177CB /* GMUWeightedLatLng.h */ = {isa = PBXFileReference; fileEncoding = 4; lastKnownFileType = sourcecode.c.h; path = GMUWeightedLatLng.h; sourceTree = "<group>"; };
		2B5877DD246EAE5800F177CB /* GMUGradient.m */ = {isa = PBXFileReference; fileEncoding = 4; lastKnownFileType = sourcecode.c.objc; path = GMUGradient.m; sourceTree = "<group>"; };
		2B5877DE246EAE5800F177CB /* GMUHeatmapTileLayer.m */ = {isa = PBXFileReference; fileEncoding = 4; lastKnownFileType = sourcecode.c.objc; path = GMUHeatmapTileLayer.m; sourceTree = "<group>"; };
		2B5877E0246EAE5800F177CB /* GMUKMLParser.m */ = {isa = PBXFileReference; fileEncoding = 4; lastKnownFileType = sourcecode.c.objc; path = GMUKMLParser.m; sourceTree = "<group>"; };
		2B5877E1246EAE5800F177CB /* GMUGeometryRenderer.m */ = {isa = PBXFileReference; fileEncoding = 4; lastKnownFileType = sourcecode.c.objc; path = GMUGeometryRenderer.m; sourceTree = "<group>"; };
		2B5877E2246EAE5800F177CB /* GMUGeoJSONParser.h */ = {isa = PBXFileReference; fileEncoding = 4; lastKnownFileType = sourcecode.c.h; path = GMUGeoJSONParser.h; sourceTree = "<group>"; };
		2B5877E4246EAE5800F177CB /* GMUGeometryCollection.m */ = {isa = PBXFileReference; fileEncoding = 4; lastKnownFileType = sourcecode.c.objc; path = GMUGeometryCollection.m; sourceTree = "<group>"; };
		2B5877E5246EAE5800F177CB /* GMUPoint.h */ = {isa = PBXFileReference; fileEncoding = 4; lastKnownFileType = sourcecode.c.h; path = GMUPoint.h; sourceTree = "<group>"; };
		2B5877E6246EAE5800F177CB /* GMUStyle.h */ = {isa = PBXFileReference; fileEncoding = 4; lastKnownFileType = sourcecode.c.h; path = GMUStyle.h; sourceTree = "<group>"; };
		2B5877E7246EAE5800F177CB /* GMUPlacemark.m */ = {isa = PBXFileReference; fileEncoding = 4; lastKnownFileType = sourcecode.c.objc; path = GMUPlacemark.m; sourceTree = "<group>"; };
		2B5877E8246EAE5800F177CB /* GMUPolygon.m */ = {isa = PBXFileReference; fileEncoding = 4; lastKnownFileType = sourcecode.c.objc; path = GMUPolygon.m; sourceTree = "<group>"; };
		2B5877E9246EAE5800F177CB /* GMUGeometryContainer.h */ = {isa = PBXFileReference; fileEncoding = 4; lastKnownFileType = sourcecode.c.h; path = GMUGeometryContainer.h; sourceTree = "<group>"; };
		2B5877EA246EAE5800F177CB /* GMUFeature.m */ = {isa = PBXFileReference; fileEncoding = 4; lastKnownFileType = sourcecode.c.objc; path = GMUFeature.m; sourceTree = "<group>"; };
		2B5877EB246EAE5800F177CB /* GMULineString.h */ = {isa = PBXFileReference; fileEncoding = 4; lastKnownFileType = sourcecode.c.h; path = GMULineString.h; sourceTree = "<group>"; };
		2B5877EC246EAE5800F177CB /* GMUGroundOverlay.m */ = {isa = PBXFileReference; fileEncoding = 4; lastKnownFileType = sourcecode.c.objc; path = GMUGroundOverlay.m; sourceTree = "<group>"; };
		2B5877ED246EAE5800F177CB /* GMUStyle.m */ = {isa = PBXFileReference; fileEncoding = 4; lastKnownFileType = sourcecode.c.objc; path = GMUStyle.m; sourceTree = "<group>"; };
		2B5877EE246EAE5800F177CB /* GMUPoint.m */ = {isa = PBXFileReference; fileEncoding = 4; lastKnownFileType = sourcecode.c.objc; path = GMUPoint.m; sourceTree = "<group>"; };
		2B5877EF246EAE5800F177CB /* GMUGeometry.h */ = {isa = PBXFileReference; fileEncoding = 4; lastKnownFileType = sourcecode.c.h; path = GMUGeometry.h; sourceTree = "<group>"; };
		2B5877F0246EAE5800F177CB /* GMUGeometryCollection.h */ = {isa = PBXFileReference; fileEncoding = 4; lastKnownFileType = sourcecode.c.h; path = GMUGeometryCollection.h; sourceTree = "<group>"; };
		2B5877F1246EAE5800F177CB /* GMUPolygon.h */ = {isa = PBXFileReference; fileEncoding = 4; lastKnownFileType = sourcecode.c.h; path = GMUPolygon.h; sourceTree = "<group>"; };
		2B5877F2246EAE5800F177CB /* GMUPlacemark.h */ = {isa = PBXFileReference; fileEncoding = 4; lastKnownFileType = sourcecode.c.h; path = GMUPlacemark.h; sourceTree = "<group>"; };
		2B5877F3246EAE5800F177CB /* GMUGroundOverlay.h */ = {isa = PBXFileReference; fileEncoding = 4; lastKnownFileType = sourcecode.c.h; path = GMUGroundOverlay.h; sourceTree = "<group>"; };
		2B5877F4246EAE5800F177CB /* GMULineString.m */ = {isa = PBXFileReference; fileEncoding = 4; lastKnownFileType = sourcecode.c.objc; path = GMULineString.m; sourceTree = "<group>"; };
		2B5877F5246EAE5800F177CB /* GMUFeature.h */ = {isa = PBXFileReference; fileEncoding = 4; lastKnownFileType = sourcecode.c.h; path = GMUFeature.h; sourceTree = "<group>"; };
		2B5877F6246EAE5800F177CB /* GMUKMLParser.h */ = {isa = PBXFileReference; fileEncoding = 4; lastKnownFileType = sourcecode.c.h; path = GMUKMLParser.h; sourceTree = "<group>"; };
		2B5877F7246EAE5800F177CB /* GMUGeometryRenderer+Testing.h */ = {isa = PBXFileReference; fileEncoding = 4; lastKnownFileType = sourcecode.c.h; path = "GMUGeometryRenderer+Testing.h"; sourceTree = "<group>"; };
		2B5877F8246EAE5800F177CB /* GMUGeoJSONParser.m */ = {isa = PBXFileReference; fileEncoding = 4; lastKnownFileType = sourcecode.c.objc; path = GMUGeoJSONParser.m; sourceTree = "<group>"; };
		2B5877F9246EAE5800F177CB /* GMUGeometryRenderer.h */ = {isa = PBXFileReference; fileEncoding = 4; lastKnownFileType = sourcecode.c.h; path = GMUGeometryRenderer.h; sourceTree = "<group>"; };
		2B5877FB246EAE5800F177CB /* GQTPointQuadTree.m */ = {isa = PBXFileReference; fileEncoding = 4; lastKnownFileType = sourcecode.c.objc; path = GQTPointQuadTree.m; sourceTree = "<group>"; };
		2B5877FC246EAE5800F177CB /* GQTPointQuadTreeItem.h */ = {isa = PBXFileReference; fileEncoding = 4; lastKnownFileType = sourcecode.c.h; path = GQTPointQuadTreeItem.h; sourceTree = "<group>"; };
		2B5877FD246EAE5800F177CB /* GQTPointQuadTreeChild.m */ = {isa = PBXFileReference; fileEncoding = 4; lastKnownFileType = sourcecode.c.objc; path = GQTPointQuadTreeChild.m; sourceTree = "<group>"; };
		2B5877FE246EAE5800F177CB /* GQTPoint.h */ = {isa = PBXFileReference; fileEncoding = 4; lastKnownFileType = sourcecode.c.h; path = GQTPoint.h; sourceTree = "<group>"; };
		2B5877FF246EAE5800F177CB /* GQTPointQuadTree.h */ = {isa = PBXFileReference; fileEncoding = 4; lastKnownFileType = sourcecode.c.h; path = GQTPointQuadTree.h; sourceTree = "<group>"; };
		2B587800246EAE5800F177CB /* GQTPointQuadTreeChild.h */ = {isa = PBXFileReference; fileEncoding = 4; lastKnownFileType = sourcecode.c.h; path = GQTPointQuadTreeChild.h; sourceTree = "<group>"; };
		2B587801246EAE5800F177CB /* GQTBounds.h */ = {isa = PBXFileReference; fileEncoding = 4; lastKnownFileType = sourcecode.c.h; path = GQTBounds.h; sourceTree = "<group>"; };
		2B60A0AB208481E5003F1189 /* tableCell.swift */ = {isa = PBXFileReference; lastKnownFileType = sourcecode.swift; path = tableCell.swift; sourceTree = "<group>"; };
		2BE989902085D71C00D7BF2B /* CircleButton.swift */ = {isa = PBXFileReference; lastKnownFileType = sourcecode.swift; path = CircleButton.swift; sourceTree = "<group>"; };
		2BE989FB208601C300D7BF2B /* GoogleMapsDemo-Bridging-Header.h */ = {isa = PBXFileReference; lastKnownFileType = sourcecode.c.h; path = "GoogleMapsDemo-Bridging-Header.h"; sourceTree = "<group>"; };
		3B6936A44A660FD8DBB23563 /* Pods-GoogleMapsDemo.release.xcconfig */ = {isa = PBXFileReference; includeInIndex = 1; lastKnownFileType = text.xcconfig; name = "Pods-GoogleMapsDemo.release.xcconfig"; path = "Pods/Target Support Files/Pods-GoogleMapsDemo/Pods-GoogleMapsDemo.release.xcconfig"; sourceTree = "<group>"; };
		686FF479AB391F1FFCD40C80 /* libPods-GoogleMapsDemo.a */ = {isa = PBXFileReference; explicitFileType = archive.ar; includeInIndex = 0; path = "libPods-GoogleMapsDemo.a"; sourceTree = BUILT_PRODUCTS_DIR; };
		BBA4EF6BF616A77ECF1CF603 /* Pods-GoogleMapsDemo.debug.xcconfig */ = {isa = PBXFileReference; includeInIndex = 1; lastKnownFileType = text.xcconfig; name = "Pods-GoogleMapsDemo.debug.xcconfig"; path = "Pods/Target Support Files/Pods-GoogleMapsDemo/Pods-GoogleMapsDemo.debug.xcconfig"; sourceTree = "<group>"; };
/* End PBXFileReference section */

/* Begin PBXFrameworksBuildPhase section */
		013C4FA420806E200092174F /* Frameworks */ = {
			isa = PBXFrameworksBuildPhase;
			buildActionMask = 2147483647;
			files = (
				350B3246287A719FC0A5381E /* libPods-GoogleMapsDemo.a in Frameworks */,
			);
			runOnlyForDeploymentPostprocessing = 0;
		};
		013C4FB820806E220092174F /* Frameworks */ = {
			isa = PBXFrameworksBuildPhase;
			buildActionMask = 2147483647;
			files = (
			);
			runOnlyForDeploymentPostprocessing = 0;
		};
		013C4FC320806E220092174F /* Frameworks */ = {
			isa = PBXFrameworksBuildPhase;
			buildActionMask = 2147483647;
			files = (
			);
			runOnlyForDeploymentPostprocessing = 0;
		};
/* End PBXFrameworksBuildPhase section */

/* Begin PBXGroup section */
		013C4F9E20806E200092174F = {
			isa = PBXGroup;
			children = (
				2B5877BA246EAE5800F177CB /* Google-Maps-iOS-Utils */,
				013C4FA920806E200092174F /* GoogleMapsDemo */,
				013C4FBE20806E220092174F /* GoogleMapsDemoTests */,
				013C4FC920806E220092174F /* GoogleMapsDemoUITests */,
				013C4FA820806E200092174F /* Products */,
				D34202CC891A482537DE22C4 /* Pods */,
				46723EE130211C4A31832D2C /* Frameworks */,
			);
			sourceTree = "<group>";
		};
		013C4FA820806E200092174F /* Products */ = {
			isa = PBXGroup;
			children = (
				013C4FA720806E200092174F /* GoogleMapsDemo.app */,
				013C4FBB20806E220092174F /* GoogleMapsDemoTests.xctest */,
				013C4FC620806E220092174F /* GoogleMapsDemoUITests.xctest */,
			);
			name = Products;
			sourceTree = "<group>";
		};
		013C4FA920806E200092174F /* GoogleMapsDemo */ = {
			isa = PBXGroup;
			children = (
				013C4FAA20806E200092174F /* AppDelegate.swift */,
				013C4FAC20806E200092174F /* ViewController.swift */,
				013C4FAE20806E200092174F /* Main.storyboard */,
				013C4FB120806E220092174F /* Assets.xcassets */,
				013C4FB320806E220092174F /* LaunchScreen.storyboard */,
				013C4FB620806E220092174F /* Info.plist */,
				2B60A0AB208481E5003F1189 /* tableCell.swift */,
				2BE989902085D71C00D7BF2B /* CircleButton.swift */,
				2BE989FB208601C300D7BF2B /* GoogleMapsDemo-Bridging-Header.h */,
			);
			path = GoogleMapsDemo;
			sourceTree = "<group>";
		};
		013C4FBE20806E220092174F /* GoogleMapsDemoTests */ = {
			isa = PBXGroup;
			children = (
				013C4FBF20806E220092174F /* GoogleMapsDemoTests.swift */,
				013C4FC120806E220092174F /* Info.plist */,
			);
			path = GoogleMapsDemoTests;
			sourceTree = "<group>";
		};
		013C4FC920806E220092174F /* GoogleMapsDemoUITests */ = {
			isa = PBXGroup;
			children = (
				013C4FCA20806E220092174F /* GoogleMapsDemoUITests.swift */,
				013C4FCC20806E220092174F /* Info.plist */,
			);
			path = GoogleMapsDemoUITests;
			sourceTree = "<group>";
		};
		2B5877BA246EAE5800F177CB /* Google-Maps-iOS-Utils */ = {
			isa = PBXGroup;
			children = (
				2B5877BB246EAE5800F177CB /* police_stations.json */,
				2B5877BC246EAE5800F177CB /* Clustering */,
				2B5877D8246EAE5800F177CB /* Heatmap */,
				2B5877DF246EAE5800F177CB /* Geometry */,
				2B5877FA246EAE5800F177CB /* QuadTree */,
			);
			path = "Google-Maps-iOS-Utils";
			sourceTree = "<group>";
		};
		2B5877BC246EAE5800F177CB /* Clustering */ = {
			isa = PBXGroup;
			children = (
				2B5877BD246EAE5800F177CB /* GMUClusterManager.m */,
				2B5877BE246EAE5800F177CB /* GMUStaticCluster.h */,
				2B5877BF246EAE5800F177CB /* GMUMarkerClustering.h */,
				2B5877C0246EAE5800F177CB /* Algo */,
				2B5877CA246EAE5800F177CB /* GMUClusterManager.h */,
				2B5877CB246EAE5800F177CB /* GMUClusterManager+Testing.h */,
				2B5877CC246EAE5800F177CB /* View */,
				2B5877D5246EAE5800F177CB /* GMUStaticCluster.m */,
				2B5877D6246EAE5800F177CB /* GMUCluster.h */,
				2B5877D7246EAE5800F177CB /* GMUClusterItem.h */,
			);
			path = Clustering;
			sourceTree = "<group>";
		};
		2B5877C0246EAE5800F177CB /* Algo */ = {
			isa = PBXGroup;
			children = (
				2B5877C1246EAE5800F177CB /* GMUGridBasedClusterAlgorithm.m */,
				2B5877C2246EAE5800F177CB /* GMUClusterAlgorithm.h */,
				2B5877C3246EAE5800F177CB /* GMUNonHierarchicalDistanceBasedAlgorithm.h */,
				2B5877C4246EAE5800F177CB /* GMUWrappingDictionaryKey.m */,
				2B5877C5246EAE5800F177CB /* GMUSimpleClusterAlgorithm.m */,
				2B5877C6246EAE5800F177CB /* GMUGridBasedClusterAlgorithm.h */,
				2B5877C7246EAE5800F177CB /* GMUNonHierarchicalDistanceBasedAlgorithm.m */,
				2B5877C8246EAE5800F177CB /* GMUSimpleClusterAlgorithm.h */,
				2B5877C9246EAE5800F177CB /* GMUWrappingDictionaryKey.h */,
			);
			path = Algo;
			sourceTree = "<group>";
		};
		2B5877CC246EAE5800F177CB /* View */ = {
			isa = PBXGroup;
			children = (
				2B5877CD246EAE5800F177CB /* GMUClusterIconGenerator.h */,
				2B5877CE246EAE5800F177CB /* GMUClusterRenderer.h */,
				2B5877CF246EAE5800F177CB /* GMUDefaultClusterRenderer+Testing.h */,
				2B5877D0246EAE5800F177CB /* GMUDefaultClusterRenderer.m */,
				2B5877D1246EAE5800F177CB /* GMUDefaultClusterIconGenerator.h */,
				2B5877D2246EAE5800F177CB /* GMUDefaultClusterIconGenerator.m */,
				2B5877D3246EAE5800F177CB /* GMUDefaultClusterRenderer.h */,
				2B5877D4246EAE5800F177CB /* GMUDefaultClusterIconGenerator+Testing.h */,
			);
			path = View;
			sourceTree = "<group>";
		};
		2B5877D8246EAE5800F177CB /* Heatmap */ = {
			isa = PBXGroup;
			children = (
				2B5877D9246EAE5800F177CB /* GMUGradient.h */,
				2B5877DA246EAE5800F177CB /* GMUWeightedLatLng.m */,
				2B5877DB246EAE5800F177CB /* GMUHeatmapTileLayer.h */,
				2B5877DC246EAE5800F177CB /* GMUWeightedLatLng.h */,
				2B5877DD246EAE5800F177CB /* GMUGradient.m */,
				2B5877DE246EAE5800F177CB /* GMUHeatmapTileLayer.m */,
			);
			path = Heatmap;
			sourceTree = "<group>";
		};
		2B5877DF246EAE5800F177CB /* Geometry */ = {
			isa = PBXGroup;
			children = (
				2B5877E0246EAE5800F177CB /* GMUKMLParser.m */,
				2B5877E1246EAE5800F177CB /* GMUGeometryRenderer.m */,
				2B5877E2246EAE5800F177CB /* GMUGeoJSONParser.h */,
				2B5877E3246EAE5800F177CB /* Model */,
				2B5877F6246EAE5800F177CB /* GMUKMLParser.h */,
				2B5877F7246EAE5800F177CB /* GMUGeometryRenderer+Testing.h */,
				2B5877F8246EAE5800F177CB /* GMUGeoJSONParser.m */,
				2B5877F9246EAE5800F177CB /* GMUGeometryRenderer.h */,
			);
			path = Geometry;
			sourceTree = "<group>";
		};
		2B5877E3246EAE5800F177CB /* Model */ = {
			isa = PBXGroup;
			children = (
				2B5877E4246EAE5800F177CB /* GMUGeometryCollection.m */,
				2B5877E5246EAE5800F177CB /* GMUPoint.h */,
				2B5877E6246EAE5800F177CB /* GMUStyle.h */,
				2B5877E7246EAE5800F177CB /* GMUPlacemark.m */,
				2B5877E8246EAE5800F177CB /* GMUPolygon.m */,
				2B5877E9246EAE5800F177CB /* GMUGeometryContainer.h */,
				2B5877EA246EAE5800F177CB /* GMUFeature.m */,
				2B5877EB246EAE5800F177CB /* GMULineString.h */,
				2B5877EC246EAE5800F177CB /* GMUGroundOverlay.m */,
				2B5877ED246EAE5800F177CB /* GMUStyle.m */,
				2B5877EE246EAE5800F177CB /* GMUPoint.m */,
				2B5877EF246EAE5800F177CB /* GMUGeometry.h */,
				2B5877F0246EAE5800F177CB /* GMUGeometryCollection.h */,
				2B5877F1246EAE5800F177CB /* GMUPolygon.h */,
				2B5877F2246EAE5800F177CB /* GMUPlacemark.h */,
				2B5877F3246EAE5800F177CB /* GMUGroundOverlay.h */,
				2B5877F4246EAE5800F177CB /* GMULineString.m */,
				2B5877F5246EAE5800F177CB /* GMUFeature.h */,
			);
			path = Model;
			sourceTree = "<group>";
		};
		2B5877FA246EAE5800F177CB /* QuadTree */ = {
			isa = PBXGroup;
			children = (
				2B5877FB246EAE5800F177CB /* GQTPointQuadTree.m */,
				2B5877FC246EAE5800F177CB /* GQTPointQuadTreeItem.h */,
				2B5877FD246EAE5800F177CB /* GQTPointQuadTreeChild.m */,
				2B5877FE246EAE5800F177CB /* GQTPoint.h */,
				2B5877FF246EAE5800F177CB /* GQTPointQuadTree.h */,
				2B587800246EAE5800F177CB /* GQTPointQuadTreeChild.h */,
				2B587801246EAE5800F177CB /* GQTBounds.h */,
			);
			path = QuadTree;
			sourceTree = "<group>";
		};
		46723EE130211C4A31832D2C /* Frameworks */ = {
			isa = PBXGroup;
			children = (
				686FF479AB391F1FFCD40C80 /* libPods-GoogleMapsDemo.a */,
			);
			name = Frameworks;
			sourceTree = "<group>";
		};
		D34202CC891A482537DE22C4 /* Pods */ = {
			isa = PBXGroup;
			children = (
				BBA4EF6BF616A77ECF1CF603 /* Pods-GoogleMapsDemo.debug.xcconfig */,
				3B6936A44A660FD8DBB23563 /* Pods-GoogleMapsDemo.release.xcconfig */,
			);
			name = Pods;
			sourceTree = "<group>";
		};
/* End PBXGroup section */

/* Begin PBXNativeTarget section */
		013C4FA620806E200092174F /* GoogleMapsDemo */ = {
			isa = PBXNativeTarget;
			buildConfigurationList = 013C4FCF20806E220092174F /* Build configuration list for PBXNativeTarget "GoogleMapsDemo" */;
			buildPhases = (
				2CCDE5D219C78E2455824C75 /* [CP] Check Pods Manifest.lock */,
				013C4FA320806E200092174F /* Sources */,
				013C4FA420806E200092174F /* Frameworks */,
				013C4FA520806E200092174F /* Resources */,
				7A34C89A43C04B3A0F767BBC /* [CP] Copy Pods Resources */,
			);
			buildRules = (
			);
			dependencies = (
			);
			name = GoogleMapsDemo;
			productName = GoogleMapsDemo;
			productReference = 013C4FA720806E200092174F /* GoogleMapsDemo.app */;
			productType = "com.apple.product-type.application";
		};
		013C4FBA20806E220092174F /* GoogleMapsDemoTests */ = {
			isa = PBXNativeTarget;
			buildConfigurationList = 013C4FD220806E220092174F /* Build configuration list for PBXNativeTarget "GoogleMapsDemoTests" */;
			buildPhases = (
				013C4FB720806E220092174F /* Sources */,
				013C4FB820806E220092174F /* Frameworks */,
				013C4FB920806E220092174F /* Resources */,
			);
			buildRules = (
			);
			dependencies = (
				013C4FBD20806E220092174F /* PBXTargetDependency */,
			);
			name = GoogleMapsDemoTests;
			productName = GoogleMapsDemoTests;
			productReference = 013C4FBB20806E220092174F /* GoogleMapsDemoTests.xctest */;
			productType = "com.apple.product-type.bundle.unit-test";
		};
		013C4FC520806E220092174F /* GoogleMapsDemoUITests */ = {
			isa = PBXNativeTarget;
			buildConfigurationList = 013C4FD520806E220092174F /* Build configuration list for PBXNativeTarget "GoogleMapsDemoUITests" */;
			buildPhases = (
				013C4FC220806E220092174F /* Sources */,
				013C4FC320806E220092174F /* Frameworks */,
				013C4FC420806E220092174F /* Resources */,
			);
			buildRules = (
			);
			dependencies = (
				013C4FC820806E220092174F /* PBXTargetDependency */,
			);
			name = GoogleMapsDemoUITests;
			productName = GoogleMapsDemoUITests;
			productReference = 013C4FC620806E220092174F /* GoogleMapsDemoUITests.xctest */;
			productType = "com.apple.product-type.bundle.ui-testing";
		};
/* End PBXNativeTarget section */

/* Begin PBXProject section */
		013C4F9F20806E200092174F /* Project object */ = {
			isa = PBXProject;
			attributes = {
				LastSwiftUpdateCheck = 0930;
				LastUpgradeCheck = 0930;
				ORGANIZATIONNAME = syamala;
				TargetAttributes = {
					013C4FA620806E200092174F = {
						CreatedOnToolsVersion = 9.3;
					};
					013C4FBA20806E220092174F = {
						CreatedOnToolsVersion = 9.3;
						TestTargetID = 013C4FA620806E200092174F;
					};
					013C4FC520806E220092174F = {
						CreatedOnToolsVersion = 9.3;
						TestTargetID = 013C4FA620806E200092174F;
					};
				};
			};
			buildConfigurationList = 013C4FA220806E200092174F /* Build configuration list for PBXProject "GoogleMapsDemo" */;
			compatibilityVersion = "Xcode 9.3";
			developmentRegion = en;
			hasScannedForEncodings = 0;
			knownRegions = (
				en,
				Base,
			);
			mainGroup = 013C4F9E20806E200092174F;
			productRefGroup = 013C4FA820806E200092174F /* Products */;
			projectDirPath = "";
			projectRoot = "";
			targets = (
				013C4FA620806E200092174F /* GoogleMapsDemo */,
				013C4FBA20806E220092174F /* GoogleMapsDemoTests */,
				013C4FC520806E220092174F /* GoogleMapsDemoUITests */,
			);
		};
/* End PBXProject section */

/* Begin PBXResourcesBuildPhase section */
		013C4FA520806E200092174F /* Resources */ = {
			isa = PBXResourcesBuildPhase;
			buildActionMask = 2147483647;
			files = (
				2B587802246EAE5800F177CB /* police_stations.json in Resources */,
				013C4FB520806E220092174F /* LaunchScreen.storyboard in Resources */,
				013C4FB220806E220092174F /* Assets.xcassets in Resources */,
				013C4FB020806E200092174F /* Main.storyboard in Resources */,
			);
			runOnlyForDeploymentPostprocessing = 0;
		};
		013C4FB920806E220092174F /* Resources */ = {
			isa = PBXResourcesBuildPhase;
			buildActionMask = 2147483647;
			files = (
			);
			runOnlyForDeploymentPostprocessing = 0;
		};
		013C4FC420806E220092174F /* Resources */ = {
			isa = PBXResourcesBuildPhase;
			buildActionMask = 2147483647;
			files = (
			);
			runOnlyForDeploymentPostprocessing = 0;
		};
/* End PBXResourcesBuildPhase section */

/* Begin PBXShellScriptBuildPhase section */
		2CCDE5D219C78E2455824C75 /* [CP] Check Pods Manifest.lock */ = {
			isa = PBXShellScriptBuildPhase;
			buildActionMask = 2147483647;
			files = (
			);
			inputPaths = (
				"${PODS_PODFILE_DIR_PATH}/Podfile.lock",
				"${PODS_ROOT}/Manifest.lock",
			);
			name = "[CP] Check Pods Manifest.lock";
			outputPaths = (
				"$(DERIVED_FILE_DIR)/Pods-GoogleMapsDemo-checkManifestLockResult.txt",
			);
			runOnlyForDeploymentPostprocessing = 0;
			shellPath = /bin/sh;
			shellScript = "diff \"${PODS_PODFILE_DIR_PATH}/Podfile.lock\" \"${PODS_ROOT}/Manifest.lock\" > /dev/null\nif [ $? != 0 ] ; then\n    # print error to STDERR\n    echo \"error: The sandbox is not in sync with the Podfile.lock. Run 'pod install' or update your CocoaPods installation.\" >&2\n    exit 1\nfi\n# This output is used by Xcode 'outputs' to avoid re-running this script phase.\necho \"SUCCESS\" > \"${SCRIPT_OUTPUT_FILE_0}\"\n";
			showEnvVarsInLog = 0;
		};
		7A34C89A43C04B3A0F767BBC /* [CP] Copy Pods Resources */ = {
			isa = PBXShellScriptBuildPhase;
			buildActionMask = 2147483647;
			files = (
			);
			inputPaths = (
				"${SRCROOT}/Pods/Target Support Files/Pods-GoogleMapsDemo/Pods-GoogleMapsDemo-resources.sh",
				"${PODS_ROOT}/GoogleMaps/Maps/Frameworks/GoogleMaps.framework/Resources/GoogleMaps.bundle",
				"${PODS_ROOT}/GooglePlaces/Frameworks/GooglePlaces.framework/Resources/GooglePlaces.bundle",
			);
			name = "[CP] Copy Pods Resources";
			outputPaths = (
				"${TARGET_BUILD_DIR}/${UNLOCALIZED_RESOURCES_FOLDER_PATH}/GoogleMaps.bundle",
				"${TARGET_BUILD_DIR}/${UNLOCALIZED_RESOURCES_FOLDER_PATH}/GooglePlaces.bundle",
			);
			runOnlyForDeploymentPostprocessing = 0;
			shellPath = /bin/sh;
			shellScript = "\"${SRCROOT}/Pods/Target Support Files/Pods-GoogleMapsDemo/Pods-GoogleMapsDemo-resources.sh\"\n";
			showEnvVarsInLog = 0;
		};
/* End PBXShellScriptBuildPhase section */

/* Begin PBXSourcesBuildPhase section */
		013C4FA320806E200092174F /* Sources */ = {
			isa = PBXSourcesBuildPhase;
			buildActionMask = 2147483647;
			files = (
				2B587816246EAE5800F177CB /* GMUPoint.m in Sources */,
				2B60A0AC208481E5003F1189 /* tableCell.swift in Sources */,
				2B587811246EAE5800F177CB /* GMUPlacemark.m in Sources */,
				2B58780F246EAE5800F177CB /* GMUGeometryRenderer.m in Sources */,
				013C4FAD20806E200092174F /* ViewController.swift in Sources */,
				2B587806246EAE5800F177CB /* GMUSimpleClusterAlgorithm.m in Sources */,
				2B58780E246EAE5800F177CB /* GMUKMLParser.m in Sources */,
				2B587807246EAE5800F177CB /* GMUNonHierarchicalDistanceBasedAlgorithm.m in Sources */,
				2B58780A246EAE5800F177CB /* GMUStaticCluster.m in Sources */,
				2B587813246EAE5800F177CB /* GMUFeature.m in Sources */,
				2B587818246EAE5800F177CB /* GMUGeoJSONParser.m in Sources */,
				2B58781A246EAE5800F177CB /* GQTPointQuadTreeChild.m in Sources */,
				2B587814246EAE5800F177CB /* GMUGroundOverlay.m in Sources */,
				013C4FAB20806E200092174F /* AppDelegate.swift in Sources */,
				2B587803246EAE5800F177CB /* GMUClusterManager.m in Sources */,
				2B587804246EAE5800F177CB /* GMUGridBasedClusterAlgorithm.m in Sources */,
				2B58780D246EAE5800F177CB /* GMUHeatmapTileLayer.m in Sources */,
				2B587812246EAE5800F177CB /* GMUPolygon.m in Sources */,
				2B587810246EAE5800F177CB /* GMUGeometryCollection.m in Sources */,
				2B587819246EAE5800F177CB /* GQTPointQuadTree.m in Sources */,
				2B587805246EAE5800F177CB /* GMUWrappingDictionaryKey.m in Sources */,
				2B58780B246EAE5800F177CB /* GMUWeightedLatLng.m in Sources */,
				2BE989912085D71C00D7BF2B /* CircleButton.swift in Sources */,
				2B58780C246EAE5800F177CB /* GMUGradient.m in Sources */,
				2B587809246EAE5800F177CB /* GMUDefaultClusterIconGenerator.m in Sources */,
				2B587815246EAE5800F177CB /* GMUStyle.m in Sources */,
				2B587817246EAE5800F177CB /* GMULineString.m in Sources */,
				2B587808246EAE5800F177CB /* GMUDefaultClusterRenderer.m in Sources */,
			);
			runOnlyForDeploymentPostprocessing = 0;
		};
		013C4FB720806E220092174F /* Sources */ = {
			isa = PBXSourcesBuildPhase;
			buildActionMask = 2147483647;
			files = (
				013C4FC020806E220092174F /* GoogleMapsDemoTests.swift in Sources */,
			);
			runOnlyForDeploymentPostprocessing = 0;
		};
		013C4FC220806E220092174F /* Sources */ = {
			isa = PBXSourcesBuildPhase;
			buildActionMask = 2147483647;
			files = (
				013C4FCB20806E220092174F /* GoogleMapsDemoUITests.swift in Sources */,
			);
			runOnlyForDeploymentPostprocessing = 0;
		};
/* End PBXSourcesBuildPhase section */

/* Begin PBXTargetDependency section */
		013C4FBD20806E220092174F /* PBXTargetDependency */ = {
			isa = PBXTargetDependency;
			target = 013C4FA620806E200092174F /* GoogleMapsDemo */;
			targetProxy = 013C4FBC20806E220092174F /* PBXContainerItemProxy */;
		};
		013C4FC820806E220092174F /* PBXTargetDependency */ = {
			isa = PBXTargetDependency;
			target = 013C4FA620806E200092174F /* GoogleMapsDemo */;
			targetProxy = 013C4FC720806E220092174F /* PBXContainerItemProxy */;
		};
/* End PBXTargetDependency section */

/* Begin PBXVariantGroup section */
		013C4FAE20806E200092174F /* Main.storyboard */ = {
			isa = PBXVariantGroup;
			children = (
				013C4FAF20806E200092174F /* Base */,
			);
			name = Main.storyboard;
			sourceTree = "<group>";
		};
		013C4FB320806E220092174F /* LaunchScreen.storyboard */ = {
			isa = PBXVariantGroup;
			children = (
				013C4FB420806E220092174F /* Base */,
			);
			name = LaunchScreen.storyboard;
			sourceTree = "<group>";
		};
/* End PBXVariantGroup section */

/* Begin XCBuildConfiguration section */
		013C4FCD20806E220092174F /* Debug */ = {
			isa = XCBuildConfiguration;
			buildSettings = {
				ALWAYS_SEARCH_USER_PATHS = NO;
				CLANG_ANALYZER_NONNULL = YES;
				CLANG_ANALYZER_NUMBER_OBJECT_CONVERSION = YES_AGGRESSIVE;
				CLANG_CXX_LANGUAGE_STANDARD = "gnu++14";
				CLANG_CXX_LIBRARY = "libc++";
				CLANG_ENABLE_MODULES = YES;
				CLANG_ENABLE_OBJC_ARC = YES;
				CLANG_ENABLE_OBJC_WEAK = YES;
				CLANG_WARN_BLOCK_CAPTURE_AUTORELEASING = YES;
				CLANG_WARN_BOOL_CONVERSION = YES;
				CLANG_WARN_COMMA = YES;
				CLANG_WARN_CONSTANT_CONVERSION = YES;
				CLANG_WARN_DEPRECATED_OBJC_IMPLEMENTATIONS = YES;
				CLANG_WARN_DIRECT_OBJC_ISA_USAGE = YES_ERROR;
				CLANG_WARN_DOCUMENTATION_COMMENTS = YES;
				CLANG_WARN_EMPTY_BODY = YES;
				CLANG_WARN_ENUM_CONVERSION = YES;
				CLANG_WARN_INFINITE_RECURSION = YES;
				CLANG_WARN_INT_CONVERSION = YES;
				CLANG_WARN_NON_LITERAL_NULL_CONVERSION = YES;
				CLANG_WARN_OBJC_IMPLICIT_RETAIN_SELF = YES;
				CLANG_WARN_OBJC_LITERAL_CONVERSION = YES;
				CLANG_WARN_OBJC_ROOT_CLASS = YES_ERROR;
				CLANG_WARN_RANGE_LOOP_ANALYSIS = YES;
				CLANG_WARN_STRICT_PROTOTYPES = YES;
				CLANG_WARN_SUSPICIOUS_MOVE = YES;
				CLANG_WARN_UNGUARDED_AVAILABILITY = YES_AGGRESSIVE;
				CLANG_WARN_UNREACHABLE_CODE = YES;
				CLANG_WARN__DUPLICATE_METHOD_MATCH = YES;
				CODE_SIGN_IDENTITY = "iPhone Developer";
				COPY_PHASE_STRIP = NO;
				DEBUG_INFORMATION_FORMAT = dwarf;
				ENABLE_STRICT_OBJC_MSGSEND = YES;
				ENABLE_TESTABILITY = YES;
				GCC_C_LANGUAGE_STANDARD = gnu11;
				GCC_DYNAMIC_NO_PIC = NO;
				GCC_NO_COMMON_BLOCKS = YES;
				GCC_OPTIMIZATION_LEVEL = 0;
				GCC_PREPROCESSOR_DEFINITIONS = (
					"DEBUG=1",
					"$(inherited)",
				);
				GCC_WARN_64_TO_32_BIT_CONVERSION = YES;
				GCC_WARN_ABOUT_RETURN_TYPE = YES_ERROR;
				GCC_WARN_UNDECLARED_SELECTOR = YES;
				GCC_WARN_UNINITIALIZED_AUTOS = YES_AGGRESSIVE;
				GCC_WARN_UNUSED_FUNCTION = YES;
				GCC_WARN_UNUSED_VARIABLE = YES;
				IPHONEOS_DEPLOYMENT_TARGET = 11.3;
				MTL_ENABLE_DEBUG_INFO = YES;
				ONLY_ACTIVE_ARCH = YES;
				SDKROOT = iphoneos;
				SWIFT_ACTIVE_COMPILATION_CONDITIONS = DEBUG;
				SWIFT_OBJC_BRIDGING_HEADER = "/Users/pjonnadula/Downloads/GoogleMapsDemo/GoogleMapsDemo/GoogleMapsDemo-Bridging-Header.h";
				SWIFT_OPTIMIZATION_LEVEL = "-Onone";
			};
			name = Debug;
		};
		013C4FCE20806E220092174F /* Release */ = {
			isa = XCBuildConfiguration;
			buildSettings = {
				ALWAYS_SEARCH_USER_PATHS = NO;
				CLANG_ANALYZER_NONNULL = YES;
				CLANG_ANALYZER_NUMBER_OBJECT_CONVERSION = YES_AGGRESSIVE;
				CLANG_CXX_LANGUAGE_STANDARD = "gnu++14";
				CLANG_CXX_LIBRARY = "libc++";
				CLANG_ENABLE_MODULES = YES;
				CLANG_ENABLE_OBJC_ARC = YES;
				CLANG_ENABLE_OBJC_WEAK = YES;
				CLANG_WARN_BLOCK_CAPTURE_AUTORELEASING = YES;
				CLANG_WARN_BOOL_CONVERSION = YES;
				CLANG_WARN_COMMA = YES;
				CLANG_WARN_CONSTANT_CONVERSION = YES;
				CLANG_WARN_DEPRECATED_OBJC_IMPLEMENTATIONS = YES;
				CLANG_WARN_DIRECT_OBJC_ISA_USAGE = YES_ERROR;
				CLANG_WARN_DOCUMENTATION_COMMENTS = YES;
				CLANG_WARN_EMPTY_BODY = YES;
				CLANG_WARN_ENUM_CONVERSION = YES;
				CLANG_WARN_INFINITE_RECURSION = YES;
				CLANG_WARN_INT_CONVERSION = YES;
				CLANG_WARN_NON_LITERAL_NULL_CONVERSION = YES;
				CLANG_WARN_OBJC_IMPLICIT_RETAIN_SELF = YES;
				CLANG_WARN_OBJC_LITERAL_CONVERSION = YES;
				CLANG_WARN_OBJC_ROOT_CLASS = YES_ERROR;
				CLANG_WARN_RANGE_LOOP_ANALYSIS = YES;
				CLANG_WARN_STRICT_PROTOTYPES = YES;
				CLANG_WARN_SUSPICIOUS_MOVE = YES;
				CLANG_WARN_UNGUARDED_AVAILABILITY = YES_AGGRESSIVE;
				CLANG_WARN_UNREACHABLE_CODE = YES;
				CLANG_WARN__DUPLICATE_METHOD_MATCH = YES;
				CODE_SIGN_IDENTITY = "iPhone Developer";
				COPY_PHASE_STRIP = NO;
				DEBUG_INFORMATION_FORMAT = "dwarf-with-dsym";
				ENABLE_NS_ASSERTIONS = NO;
				ENABLE_STRICT_OBJC_MSGSEND = YES;
				GCC_C_LANGUAGE_STANDARD = gnu11;
				GCC_NO_COMMON_BLOCKS = YES;
				GCC_WARN_64_TO_32_BIT_CONVERSION = YES;
				GCC_WARN_ABOUT_RETURN_TYPE = YES_ERROR;
				GCC_WARN_UNDECLARED_SELECTOR = YES;
				GCC_WARN_UNINITIALIZED_AUTOS = YES_AGGRESSIVE;
				GCC_WARN_UNUSED_FUNCTION = YES;
				GCC_WARN_UNUSED_VARIABLE = YES;
				IPHONEOS_DEPLOYMENT_TARGET = 11.3;
				MTL_ENABLE_DEBUG_INFO = NO;
				SDKROOT = iphoneos;
				SWIFT_COMPILATION_MODE = wholemodule;
				SWIFT_OBJC_BRIDGING_HEADER = "/Users/pjonnadula/Downloads/GoogleMapsDemo/GoogleMapsDemo/GoogleMapsDemo-Bridging-Header.h";
				SWIFT_OPTIMIZATION_LEVEL = "-O";
				VALIDATE_PRODUCT = YES;
			};
			name = Release;
		};
		013C4FD020806E220092174F /* Debug */ = {
			isa = XCBuildConfiguration;
			baseConfigurationReference = BBA4EF6BF616A77ECF1CF603 /* Pods-GoogleMapsDemo.debug.xcconfig */;
			buildSettings = {
				ASSETCATALOG_COMPILER_APPICON_NAME = AppIcon;
				CODE_SIGN_STYLE = Automatic;
				DEVELOPMENT_TEAM = PUUZQ4P7M2;
				INFOPLIST_FILE = GoogleMapsDemo/Info.plist;
				LD_RUNPATH_SEARCH_PATHS = (
					"$(inherited)",
					"@executable_path/Frameworks",
				);
				PRODUCT_BUNDLE_IDENTIFIER = aadhya.GoogleMapsDemo;
				PRODUCT_NAME = "$(TARGET_NAME)";
				SWIFT_VERSION = 4.0;
				TARGETED_DEVICE_FAMILY = "1,2";
			};
			name = Debug;
		};
		013C4FD120806E220092174F /* Release */ = {
			isa = XCBuildConfiguration;
			baseConfigurationReference = 3B6936A44A660FD8DBB23563 /* Pods-GoogleMapsDemo.release.xcconfig */;
			buildSettings = {
				ASSETCATALOG_COMPILER_APPICON_NAME = AppIcon;
				CODE_SIGN_STYLE = Automatic;
				DEVELOPMENT_TEAM = PUUZQ4P7M2;
				INFOPLIST_FILE = GoogleMapsDemo/Info.plist;
				LD_RUNPATH_SEARCH_PATHS = (
					"$(inherited)",
					"@executable_path/Frameworks",
				);
				PRODUCT_BUNDLE_IDENTIFIER = aadhya.GoogleMapsDemo;
				PRODUCT_NAME = "$(TARGET_NAME)";
				SWIFT_VERSION = 4.0;
				TARGETED_DEVICE_FAMILY = "1,2";
			};
			name = Release;
		};
		013C4FD320806E220092174F /* Debug */ = {
			isa = XCBuildConfiguration;
			buildSettings = {
				ALWAYS_EMBED_SWIFT_STANDARD_LIBRARIES = YES;
				BUNDLE_LOADER = "$(TEST_HOST)";
				CODE_SIGN_STYLE = Automatic;
				INFOPLIST_FILE = GoogleMapsDemoTests/Info.plist;
				LD_RUNPATH_SEARCH_PATHS = (
					"$(inherited)",
					"@executable_path/Frameworks",
					"@loader_path/Frameworks",
				);
				PRODUCT_BUNDLE_IDENTIFIER = aadhya.GoogleMapsDemoTests;
				PRODUCT_NAME = "$(TARGET_NAME)";
				SWIFT_VERSION = 4.0;
				TARGETED_DEVICE_FAMILY = "1,2";
				TEST_HOST = "$(BUILT_PRODUCTS_DIR)/GoogleMapsDemo.app/GoogleMapsDemo";
			};
			name = Debug;
		};
		013C4FD420806E220092174F /* Release */ = {
			isa = XCBuildConfiguration;
			buildSettings = {
				ALWAYS_EMBED_SWIFT_STANDARD_LIBRARIES = YES;
				BUNDLE_LOADER = "$(TEST_HOST)";
				CODE_SIGN_STYLE = Automatic;
				INFOPLIST_FILE = GoogleMapsDemoTests/Info.plist;
				LD_RUNPATH_SEARCH_PATHS = (
					"$(inherited)",
					"@executable_path/Frameworks",
					"@loader_path/Frameworks",
				);
				PRODUCT_BUNDLE_IDENTIFIER = aadhya.GoogleMapsDemoTests;
				PRODUCT_NAME = "$(TARGET_NAME)";
				SWIFT_VERSION = 4.0;
				TARGETED_DEVICE_FAMILY = "1,2";
				TEST_HOST = "$(BUILT_PRODUCTS_DIR)/GoogleMapsDemo.app/GoogleMapsDemo";
			};
			name = Release;
		};
		013C4FD620806E220092174F /* Debug */ = {
			isa = XCBuildConfiguration;
			buildSettings = {
				ALWAYS_EMBED_SWIFT_STANDARD_LIBRARIES = YES;
				CODE_SIGN_STYLE = Automatic;
				INFOPLIST_FILE = GoogleMapsDemoUITests/Info.plist;
				LD_RUNPATH_SEARCH_PATHS = (
					"$(inherited)",
					"@executable_path/Frameworks",
					"@loader_path/Frameworks",
				);
				PRODUCT_BUNDLE_IDENTIFIER = aadhya.GoogleMapsDemoUITests;
				PRODUCT_NAME = "$(TARGET_NAME)";
				SWIFT_VERSION = 4.0;
				TARGETED_DEVICE_FAMILY = "1,2";
				TEST_TARGET_NAME = GoogleMapsDemo;
			};
			name = Debug;
		};
		013C4FD720806E220092174F /* Release */ = {
			isa = XCBuildConfiguration;
			buildSettings = {
				ALWAYS_EMBED_SWIFT_STANDARD_LIBRARIES = YES;
				CODE_SIGN_STYLE = Automatic;
				INFOPLIST_FILE = GoogleMapsDemoUITests/Info.plist;
				LD_RUNPATH_SEARCH_PATHS = (
					"$(inherited)",
					"@executable_path/Frameworks",
					"@loader_path/Frameworks",
				);
				PRODUCT_BUNDLE_IDENTIFIER = aadhya.GoogleMapsDemoUITests;
				PRODUCT_NAME = "$(TARGET_NAME)";
				SWIFT_VERSION = 4.0;
				TARGETED_DEVICE_FAMILY = "1,2";
				TEST_TARGET_NAME = GoogleMapsDemo;
			};
			name = Release;
		};
/* End XCBuildConfiguration section */

/* Begin XCConfigurationList section */
		013C4FA220806E200092174F /* Build configuration list for PBXProject "GoogleMapsDemo" */ = {
			isa = XCConfigurationList;
			buildConfigurations = (
				013C4FCD20806E220092174F /* Debug */,
				013C4FCE20806E220092174F /* Release */,
			);
			defaultConfigurationIsVisible = 0;
			defaultConfigurationName = Release;
		};
		013C4FCF20806E220092174F /* Build configuration list for PBXNativeTarget "GoogleMapsDemo" */ = {
			isa = XCConfigurationList;
			buildConfigurations = (
				013C4FD020806E220092174F /* Debug */,
				013C4FD120806E220092174F /* Release */,
			);
			defaultConfigurationIsVisible = 0;
			defaultConfigurationName = Release;
		};
		013C4FD220806E220092174F /* Build configuration list for PBXNativeTarget "GoogleMapsDemoTests" */ = {
			isa = XCConfigurationList;
			buildConfigurations = (
				013C4FD320806E220092174F /* Debug */,
				013C4FD420806E220092174F /* Release */,
			);
			defaultConfigurationIsVisible = 0;
			defaultConfigurationName = Release;
		};
		013C4FD520806E220092174F /* Build configuration list for PBXNativeTarget "GoogleMapsDemoUITests" */ = {
			isa = XCConfigurationList;
			buildConfigurations = (
				013C4FD620806E220092174F /* Debug */,
				013C4FD720806E220092174F /* Release */,
			);
			defaultConfigurationIsVisible = 0;
			defaultConfigurationName = Release;
		};
/* End XCConfigurationList section */
	};
	rootObject = 013C4F9F20806E200092174F /* Project object */;
}
